{
  "originHash" : "7066c08fa813052cac1d6c20cb78d91519958cf41351077b130c7db7f69e478f",
  "pins" : [
    {
      "identity" : "fuse-swift",
      "kind" : "remoteSourceControl",
      "location" : "https://github.com/krisk/fuse-swift.git",
      "state" : {
        "revision" : "26ba868691b2d8b7bf2b1322951eb591be70ccca",
        "version" : "1.4.0"
      }
    }
  ],
  "version" : 3
}
